
Microsoft Visual Studio Solution File, Format Version 12.00
Project("{2150E333-8FDC-42A3-9474-1A3956D46DE8}") = "Solution items", "Solution items", "{B9ABE307-9B40-4457-8E39-9562E380A8A9}"
EndProject
Project("{2150E333-8FDC-42A3-9474-1A3956D46DE8}") = "src", "src", "{F541E623-4CA4-4EC6-9ACA-E50B1B4A9806}"
EndProject
Project("{2150E333-8FDC-42A3-9474-1A3956D46DE8}") = "test", "test", "{88C3372B-A414-48D1-9365-A92E12821EE4}"
EndProject
Project("{FAE04EC0-301F-11D3-BF4B-00C04F79EFBC}") = "CqrsApp.API", "src\CqrsApp.API\CqrsApp.API.csproj", "{8C67E2E8-A7B8-4EF1-93BA-0025F0CA486C}"
EndProject
Project("{FAE04EC0-301F-11D3-BF4B-00C04F79EFBC}") = "CqrsApp.Application", "src\CqrsApp.Application\CqrsApp.Application.csproj", "{1B1625AC-0D78-4D76-AADF-3ECF3272A34D}"
EndProject
Project("{FAE04EC0-301F-11D3-BF4B-00C04F79EFBC}") = "CqrsApp.Domain", "src\CqrsApp.Domain\CqrsApp.Domain.csproj", "{58CCC3A4-2767-449F-B131-2788AC7999AB}"
EndProject
Project("{FAE04EC0-301F-11D3-BF4B-00C04F79EFBC}") = "CqrsApp.Infrastructure", "src\CqrsApp.Infrastructure\CqrsApp.Infrastructure.csproj", "{59CC243C-9DE9-4E9D-8977-CA8862CA5D4C}"
EndProject
Project("{FAE04EC0-301F-11D3-BF4B-00C04F79EFBC}") = "CqrsApp.Presentation", "src\CqrsApp.Presentation\CqrsApp.Presentation.csproj", "{BC239F53-5E2B-42B7-81C5-B3328E3E75AD}"
EndProject
Project("{FAE04EC0-301F-11D3-BF4B-00C04F79EFBC}") = "CqrsApp.Persistence", "src\CqrsApp.Persistence\CqrsApp.Persistence.csproj", "{F23D5B66-54B5-4493-8395-ECE9806E8E8E}"
EndProject
Project("{FAE04EC0-301F-11D3-BF4B-00C04F79EFBC}") = "CqrsApp.Architecture.Tests", "test\CqrsApp.Architecture.Tests\CqrsApp.Architecture.Tests.csproj", "{3602AF0A-2BE6-4D6D-9869-7381BC216C01}"
EndProject
Project("{FAE04EC0-301F-11D3-BF4B-00C04F79EFBC}") = "Contract", "src\Contract\Contract.csproj", "{A2899C80-65AC-4F76-B96D-35A61A8FBE54}"
EndProject
Global
	GlobalSection(SolutionConfigurationPlatforms) = preSolution
		Debug|Any CPU = Debug|Any CPU
		Release|Any CPU = Release|Any CPU
	EndGlobalSection
	GlobalSection(NestedProjects) = preSolution
		{8C67E2E8-A7B8-4EF1-93BA-0025F0CA486C} = {F541E623-4CA4-4EC6-9ACA-E50B1B4A9806}
		{1B1625AC-0D78-4D76-AADF-3ECF3272A34D} = {F541E623-4CA4-4EC6-9ACA-E50B1B4A9806}
		{58CCC3A4-2767-449F-B131-2788AC7999AB} = {F541E623-4CA4-4EC6-9ACA-E50B1B4A9806}
		{59CC243C-9DE9-4E9D-8977-CA8862CA5D4C} = {F541E623-4CA4-4EC6-9ACA-E50B1B4A9806}
		{BC239F53-5E2B-42B7-81C5-B3328E3E75AD} = {F541E623-4CA4-4EC6-9ACA-E50B1B4A9806}
		{F23D5B66-54B5-4493-8395-ECE9806E8E8E} = {F541E623-4CA4-4EC6-9ACA-E50B1B4A9806}
		{3602AF0A-2BE6-4D6D-9869-7381BC216C01} = {88C3372B-A414-48D1-9365-A92E12821EE4}
		{A2899C80-65AC-4F76-B96D-35A61A8FBE54} = {F541E623-4CA4-4EC6-9ACA-E50B1B4A9806}
	EndGlobalSection
	GlobalSection(ProjectConfigurationPlatforms) = postSolution
		{8C67E2E8-A7B8-4EF1-93BA-0025F0CA486C}.Debug|Any CPU.ActiveCfg = Debug|Any CPU
		{8C67E2E8-A7B8-4EF1-93BA-0025F0CA486C}.Debug|Any CPU.Build.0 = Debug|Any CPU
		{8C67E2E8-A7B8-4EF1-93BA-0025F0CA486C}.Release|Any CPU.ActiveCfg = Release|Any CPU
		{8C67E2E8-A7B8-4EF1-93BA-0025F0CA486C}.Release|Any CPU.Build.0 = Release|Any CPU
		{1B1625AC-0D78-4D76-AADF-3ECF3272A34D}.Debug|Any CPU.ActiveCfg = Debug|Any CPU
		{1B1625AC-0D78-4D76-AADF-3ECF3272A34D}.Debug|Any CPU.Build.0 = Debug|Any CPU
		{1B1625AC-0D78-4D76-AADF-3ECF3272A34D}.Release|Any CPU.ActiveCfg = Release|Any CPU
		{1B1625AC-0D78-4D76-AADF-3ECF3272A34D}.Release|Any CPU.Build.0 = Release|Any CPU
		{58CCC3A4-2767-449F-B131-2788AC7999AB}.Debug|Any CPU.ActiveCfg = Debug|Any CPU
		{58CCC3A4-2767-449F-B131-2788AC7999AB}.Debug|Any CPU.Build.0 = Debug|Any CPU
		{58CCC3A4-2767-449F-B131-2788AC7999AB}.Release|Any CPU.ActiveCfg = Release|Any CPU
		{58CCC3A4-2767-449F-B131-2788AC7999AB}.Release|Any CPU.Build.0 = Release|Any CPU
		{59CC243C-9DE9-4E9D-8977-CA8862CA5D4C}.Debug|Any CPU.ActiveCfg = Debug|Any CPU
		{59CC243C-9DE9-4E9D-8977-CA8862CA5D4C}.Debug|Any CPU.Build.0 = Debug|Any CPU
		{59CC243C-9DE9-4E9D-8977-CA8862CA5D4C}.Release|Any CPU.ActiveCfg = Release|Any CPU
		{59CC243C-9DE9-4E9D-8977-CA8862CA5D4C}.Release|Any CPU.Build.0 = Release|Any CPU
		{BC239F53-5E2B-42B7-81C5-B3328E3E75AD}.Debug|Any CPU.ActiveCfg = Debug|Any CPU
		{BC239F53-5E2B-42B7-81C5-B3328E3E75AD}.Debug|Any CPU.Build.0 = Debug|Any CPU
		{BC239F53-5E2B-42B7-81C5-B3328E3E75AD}.Release|Any CPU.ActiveCfg = Release|Any CPU
		{BC239F53-5E2B-42B7-81C5-B3328E3E75AD}.Release|Any CPU.Build.0 = Release|Any CPU
		{F23D5B66-54B5-4493-8395-ECE9806E8E8E}.Debug|Any CPU.ActiveCfg = Debug|Any CPU
		{F23D5B66-54B5-4493-8395-ECE9806E8E8E}.Debug|Any CPU.Build.0 = Debug|Any CPU
		{F23D5B66-54B5-4493-8395-ECE9806E8E8E}.Release|Any CPU.ActiveCfg = Release|Any CPU
		{F23D5B66-54B5-4493-8395-ECE9806E8E8E}.Release|Any CPU.Build.0 = Release|Any CPU
		{3602AF0A-2BE6-4D6D-9869-7381BC216C01}.Debug|Any CPU.ActiveCfg = Debug|Any CPU
		{3602AF0A-2BE6-4D6D-9869-7381BC216C01}.Debug|Any CPU.Build.0 = Debug|Any CPU
		{3602AF0A-2BE6-4D6D-9869-7381BC216C01}.Release|Any CPU.ActiveCfg = Release|Any CPU
		{3602AF0A-2BE6-4D6D-9869-7381BC216C01}.Release|Any CPU.Build.0 = Release|Any CPU
		{A2899C80-65AC-4F76-B96D-35A61A8FBE54}.Debug|Any CPU.ActiveCfg = Debug|Any CPU
		{A2899C80-65AC-4F76-B96D-35A61A8FBE54}.Debug|Any CPU.Build.0 = Debug|Any CPU
		{A2899C80-65AC-4F76-B96D-35A61A8FBE54}.Release|Any CPU.ActiveCfg = Release|Any CPU
		{A2899C80-65AC-4F76-B96D-35A61A8FBE54}.Release|Any CPU.Build.0 = Release|Any CPU
	EndGlobalSection
EndGlobal
